
Microsoft Visual Studio Solution File, Format Version 12.00
# Visual Studio Version 16
VisualStudioVersion = 16.0.31624.102
MinimumVisualStudioVersion = 10.0.40219.1
Project("{FAE04EC0-301F-11D3-BF4B-00C04F79EFBC}") = "Admission", "Admission\Admission.csproj", "{57196169-A6B6-43E1-BC12-75F4DA4A4AC2}"
EndProject
Global
	GlobalSection(SolutionConfigurationPlatforms) = preSolution
		Debug|Any CPU = Debug|Any CPU
		Release|Any CPU = Release|Any CPU
	EndGlobalSection
	GlobalSection(ProjectConfigurationPlatforms) = postSolution
		{57196169-A6B6-43E1-BC12-75F4DA4A4AC2}.Debug|Any CPU.ActiveCfg = Debug|Any CPU
		{57196169-A6B6-43E1-BC12-75F4DA4A4AC2}.Debug|Any CPU.Build.0 = Debug|Any CPU
		{57196169-A6B6-43E1-BC12-75F4DA4A4AC2}.Release|Any CPU.ActiveCfg = Release|Any CPU
		{57196169-A6B6-43E1-BC12-75F4DA4A4AC2}.Release|Any CPU.Build.0 = Release|Any CPU
	EndGlobalSection
	GlobalSection(SolutionProperties) = preSolution
		HideSolutionNode = FALSE
	EndGlobalSection
	GlobalSection(ExtensibilityGlobals) = postSolution
		SolutionGuid = {19ECCECC-0AAD-4C4B-8243-C05FC844E53D}
	EndGlobalSection
EndGlobal
